
Microsoft Visual Studio Solution File, Format Version 12.00
# Visual Studio Version 16
VisualStudioVersion = 16.0.31729.503
MinimumVisualStudioVersion = 10.0.40219.1
Project("{FAE04EC0-301F-11D3-BF4B-00C04F79EFBC}") = "InvoiceCreator", "InvoiceCreator\InvoiceCreator.csproj", "{904C0873-2816-4906-98CE-99F338E240CC}"
EndProject
Global
	GlobalSection(SolutionConfigurationPlatforms) = preSolution
		Debug|Any CPU = Debug|Any CPU
		Release|Any CPU = Release|Any CPU
	EndGlobalSection
	GlobalSection(ProjectConfigurationPlatforms) = postSolution
		{904C0873-2816-4906-98CE-99F338E240CC}.Debug|Any CPU.ActiveCfg = Debug|Any CPU
		{904C0873-2816-4906-98CE-99F338E240CC}.Debug|Any CPU.Build.0 = Debug|Any CPU
		{904C0873-2816-4906-98CE-99F338E240CC}.Release|Any CPU.ActiveCfg = Release|Any CPU
		{904C0873-2816-4906-98CE-99F338E240CC}.Release|Any CPU.Build.0 = Release|Any CPU
	EndGlobalSection
	GlobalSection(SolutionProperties) = preSolution
		HideSolutionNode = FALSE
	EndGlobalSection
	GlobalSection(ExtensibilityGlobals) = postSolution
		SolutionGuid = {E653B3CA-6B35-41E8-B70F-5D7CE8AEF7D0}
	EndGlobalSection
EndGlobal
